
Microsoft Visual Studio Solution File, Format Version 12.00
# Visual Studio 14
VisualStudioVersion = 14.0.25420.1
MinimumVisualStudioVersion = 10.0.40219.1
Project("{F184B08F-C81C-45F6-A57F-5ABD9991F28F}") = "IDM_Okta", "WSO_API\IDM_Okta.vbproj", "{DFD310AF-CA3A-4998-81FF-6E2445A9C674}"
EndProject
Global
	GlobalSection(SolutionConfigurationPlatforms) = preSolution
		Debug|Any CPU = Debug|Any CPU
		Release|Any CPU = Release|Any CPU
	EndGlobalSection
	GlobalSection(ProjectConfigurationPlatforms) = postSolution
		{DFD310AF-CA3A-4998-81FF-6E2445A9C674}.Debug|Any CPU.ActiveCfg = Debug|Any CPU
		{DFD310AF-CA3A-4998-81FF-6E2445A9C674}.Debug|Any CPU.Build.0 = Debug|Any CPU
		{DFD310AF-CA3A-4998-81FF-6E2445A9C674}.Release|Any CPU.ActiveCfg = Release|Any CPU
		{DFD310AF-CA3A-4998-81FF-6E2445A9C674}.Release|Any CPU.Build.0 = Release|Any CPU
	EndGlobalSection
	GlobalSection(SolutionProperties) = preSolution
		HideSolutionNode = FALSE
	EndGlobalSection
	GlobalSection(TeamFoundationVersionControl) = preSolution
		SccNumberOfProjects = 2
		SccEnterpriseProvider = {4CA58AB2-18FA-4F8D-95D4-32DDF27D184C}
		SccTeamFoundationServer = https://chrisdhalstead.visualstudio.com/
		SccLocalPath0 = .
		SccProjectUniqueName1 = WSO_API\\IDM_Okta.vbproj
		SccProjectName1 = WSO_API
		SccLocalPath1 = WSO_API
	EndGlobalSection
EndGlobal
